
Microsoft Visual Studio Solution File, Format Version 12.00
# Visual Studio 15
Project("{FAE04EC0-301F-11D3-BF4B-00C04F79EFBC}") = "Assembly-CSharp", "Assembly-CSharp.csproj", "{A756DF79-E11D-86F4-6FE9-AD5691EF30D0}"
EndProject
Project("{FAE04EC0-301F-11D3-BF4B-00C04F79EFBC}") = "Assembly-CSharp-Editor", "Assembly-CSharp-Editor.csproj", "{95345CDC-9DCC-E231-A3E4-BD6DD79FA596}"
EndProject
Global
	GlobalSection(SolutionConfigurationPlatforms) = preSolution
		Debug|Any CPU = Debug|Any CPU
		Release|Any CPU = Release|Any CPU
	EndGlobalSection
	GlobalSection(ProjectConfigurationPlatforms) = postSolution
		{A756DF79-E11D-86F4-6FE9-AD5691EF30D0}.Debug|Any CPU.ActiveCfg = Debug|Any CPU
		{A756DF79-E11D-86F4-6FE9-AD5691EF30D0}.Debug|Any CPU.Build.0 = Debug|Any CPU
		{A756DF79-E11D-86F4-6FE9-AD5691EF30D0}.Release|Any CPU.ActiveCfg = Release|Any CPU
		{A756DF79-E11D-86F4-6FE9-AD5691EF30D0}.Release|Any CPU.Build.0 = Release|Any CPU
		{95345CDC-9DCC-E231-A3E4-BD6DD79FA596}.Debug|Any CPU.ActiveCfg = Debug|Any CPU
		{95345CDC-9DCC-E231-A3E4-BD6DD79FA596}.Debug|Any CPU.Build.0 = Debug|Any CPU
		{95345CDC-9DCC-E231-A3E4-BD6DD79FA596}.Release|Any CPU.ActiveCfg = Release|Any CPU
		{95345CDC-9DCC-E231-A3E4-BD6DD79FA596}.Release|Any CPU.Build.0 = Release|Any CPU
	EndGlobalSection
	GlobalSection(SolutionProperties) = preSolution
		HideSolutionNode = FALSE
	EndGlobalSection
EndGlobal
